
Microsoft Visual Studio Solution File, Format Version 12.00
# Visual Studio Version 17
VisualStudioVersion = 17.0.31903.59
MinimumVisualStudioVersion = 10.0.40219.1
Project("{FAE04EC0-301F-11D3-BF4B-00C04F79EFBC}") = "HelloWorld", "HelloWorld\HelloWorld.csproj", "{EEE646EB-A0E4-424C-AD2B-3336F533CAD2}"
EndProject
Project("{FAE04EC0-301F-11D3-BF4B-00C04F79EFBC}") = "HelloWorld.Test", "HelloWorld.Test\HelloWorld.Test.csproj", "{6E63A436-DCA6-441B-9158-A2056381A0FD}"
EndProject
Global
	GlobalSection(SolutionConfigurationPlatforms) = preSolution
		Debug|Any CPU = Debug|Any CPU
		Release|Any CPU = Release|Any CPU
	EndGlobalSection
	GlobalSection(SolutionProperties) = preSolution
		HideSolutionNode = FALSE
	EndGlobalSection
	GlobalSection(ProjectConfigurationPlatforms) = postSolution
		{EEE646EB-A0E4-424C-AD2B-3336F533CAD2}.Debug|Any CPU.ActiveCfg = Debug|Any CPU
		{EEE646EB-A0E4-424C-AD2B-3336F533CAD2}.Debug|Any CPU.Build.0 = Debug|Any CPU
		{EEE646EB-A0E4-424C-AD2B-3336F533CAD2}.Release|Any CPU.ActiveCfg = Release|Any CPU
		{EEE646EB-A0E4-424C-AD2B-3336F533CAD2}.Release|Any CPU.Build.0 = Release|Any CPU
		{6E63A436-DCA6-441B-9158-A2056381A0FD}.Debug|Any CPU.ActiveCfg = Debug|Any CPU
		{6E63A436-DCA6-441B-9158-A2056381A0FD}.Debug|Any CPU.Build.0 = Debug|Any CPU
		{6E63A436-DCA6-441B-9158-A2056381A0FD}.Release|Any CPU.ActiveCfg = Release|Any CPU
		{6E63A436-DCA6-441B-9158-A2056381A0FD}.Release|Any CPU.Build.0 = Release|Any CPU
	EndGlobalSection
EndGlobal
